
Microsoft Visual Studio Solution File, Format Version 12.00
# Visual Studio 15
VisualStudioVersion = 15.0.28307.136
MinimumVisualStudioVersion = 10.0.40219.1
Project("{FAE04EC0-301F-11D3-BF4B-00C04F79EFBC}") = "APITestingBDD", "APITestingBDD\APITestingBDD.csproj", "{A3DAE1C1-ACE3-490F-BA7B-A04A574A1414}"
EndProject
Global
	GlobalSection(SolutionConfigurationPlatforms) = preSolution
		Debug|Any CPU = Debug|Any CPU
		Release|Any CPU = Release|Any CPU
	EndGlobalSection
	GlobalSection(ProjectConfigurationPlatforms) = postSolution
		{A3DAE1C1-ACE3-490F-BA7B-A04A574A1414}.Debug|Any CPU.ActiveCfg = Debug|Any CPU
		{A3DAE1C1-ACE3-490F-BA7B-A04A574A1414}.Debug|Any CPU.Build.0 = Debug|Any CPU
		{A3DAE1C1-ACE3-490F-BA7B-A04A574A1414}.Release|Any CPU.ActiveCfg = Release|Any CPU
		{A3DAE1C1-ACE3-490F-BA7B-A04A574A1414}.Release|Any CPU.Build.0 = Release|Any CPU
	EndGlobalSection
	GlobalSection(SolutionProperties) = preSolution
		HideSolutionNode = FALSE
	EndGlobalSection
	GlobalSection(ExtensibilityGlobals) = postSolution
		SolutionGuid = {88237474-FB3B-40EA-A1A8-4BDB15720ED1}
	EndGlobalSection
EndGlobal
